// !$*UTF8*$!
{
	archiveVersion = 1;
	classes = {
	};
	objectVersion = 46;
	objects = {

/* Begin PBXBuildFile section */
		3C15383D1DC0834B00E647D5 /* SwipeAndSnapCell.h in Headers */ = {isa = PBXBuildFile; fileRef = 3C15383B1DC0834B00E647D5 /* SwipeAndSnapCell.h */; settings = {ATTRIBUTES = (Public, ); }; };
		3C1538451DC0838600E647D5 /* Extensions.swift in Sources */ = {isa = PBXBuildFile; fileRef = 3C1538431DC0838600E647D5 /* Extensions.swift */; };
		3CB647191DC08E3D00014B7B /* SwipeAndSnapCell.swift in Sources */ = {isa = PBXBuildFile; fileRef = 3CB647181DC08E3D00014B7B /* SwipeAndSnapCell.swift */; };
/* End PBXBuildFile section */

/* Begin PBXFileReference section */
		3C1538381DC0834B00E647D5 /* SwipeAndSnapCell.framework */ = {isa = PBXFileReference; explicitFileType = wrapper.framework; includeInIndex = 0; path = SwipeAndSnapCell.framework; sourceTree = BUILT_PRODUCTS_DIR; };
		3C15383B1DC0834B00E647D5 /* SwipeAndSnapCell.h */ = {isa = PBXFileReference; lastKnownFileType = sourcecode.c.h; path = SwipeAndSnapCell.h; sourceTree = "<group>"; };
		3C15383C1DC0834B00E647D5 /* Info.plist */ = {isa = PBXFileReference; lastKnownFileType = text.plist.xml; path = Info.plist; sourceTree = "<group>"; };
		3C1538431DC0838600E647D5 /* Extensions.swift */ = {isa = PBXFileReference; fileEncoding = 4; lastKnownFileType = sourcecode.swift; name = Extensions.swift; path = Classes/Extensions.swift; sourceTree = "<group>"; };
		3CB647181DC08E3D00014B7B /* SwipeAndSnapCell.swift */ = {isa = PBXFileReference; fileEncoding = 4; lastKnownFileType = sourcecode.swift; name = SwipeAndSnapCell.swift; path = Classes/SwipeAndSnapCell.swift; sourceTree = "<group>"; };
/* End PBXFileReference section */

/* Begin PBXFrameworksBuildPhase section */
		3C1538341DC0834B00E647D5 /* Frameworks */ = {
			isa = PBXFrameworksBuildPhase;
			buildActionMask = 2147483647;
			files = (
			);
			runOnlyForDeploymentPostprocessing = 0;
		};
/* End PBXFrameworksBuildPhase section */

/* Begin PBXGroup section */
		3C15382E1DC0834B00E647D5 = {
			isa = PBXGroup;
			children = (
				3C15383A1DC0834B00E647D5 /* SwipeAndSnapCell */,
				3C1538391DC0834B00E647D5 /* Products */,
			);
			sourceTree = "<group>";
		};
		3C1538391DC0834B00E647D5 /* Products */ = {
			isa = PBXGroup;
			children = (
				3C1538381DC0834B00E647D5 /* SwipeAndSnapCell.framework */,
			);
			name = Products;
			sourceTree = "<group>";
		};
		3C15383A1DC0834B00E647D5 /* SwipeAndSnapCell */ = {
			isa = PBXGroup;
			children = (
				3C1538471DC0839600E647D5 /* Classes */,
				3C15383B1DC0834B00E647D5 /* SwipeAndSnapCell.h */,
				3C15383C1DC0834B00E647D5 /* Info.plist */,
			);
			path = SwipeAndSnapCell;
			sourceTree = "<group>";
		};
		3C1538471DC0839600E647D5 /* Classes */ = {
			isa = PBXGroup;
			children = (
				3C1538431DC0838600E647D5 /* Extensions.swift */,
				3CB647181DC08E3D00014B7B /* SwipeAndSnapCell.swift */,
			);
			name = Classes;
			sourceTree = "<group>";
		};
/* End PBXGroup section */

/* Begin PBXHeadersBuildPhase section */
		3C1538351DC0834B00E647D5 /* Headers */ = {
			isa = PBXHeadersBuildPhase;
			buildActionMask = 2147483647;
			files = (
				3C15383D1DC0834B00E647D5 /* SwipeAndSnapCell.h in Headers */,
			);
			runOnlyForDeploymentPostprocessing = 0;
		};
/* End PBXHeadersBuildPhase section */

/* Begin PBXNativeTarget section */
		3C1538371DC0834B00E647D5 /* SwipeAndSnapCell */ = {
			isa = PBXNativeTarget;
			buildConfigurationList = 3C1538401DC0834B00E647D5 /* Build configuration list for PBXNativeTarget "SwipeAndSnapCell" */;
			buildPhases = (
				3C1538331DC0834B00E647D5 /* Sources */,
				3C1538341DC0834B00E647D5 /* Frameworks */,
				3C1538351DC0834B00E647D5 /* Headers */,
				3C1538361DC0834B00E647D5 /* Resources */,
			);
			buildRules = (
			);
			dependencies = (
			);
			name = SwipeAndSnapCell;
			productName = SwipeAndSnapCell;
			productReference = 3C1538381DC0834B00E647D5 /* SwipeAndSnapCell.framework */;
			productType = "com.apple.product-type.framework";
		};
/* End PBXNativeTarget section */

/* Begin PBXProject section */
		3C15382F1DC0834B00E647D5 /* Project object */ = {
			isa = PBXProject;
			attributes = {
				LastUpgradeCheck = 0810;
				ORGANIZATIONNAME = IanDundas;
				TargetAttributes = {
					3C1538371DC0834B00E647D5 = {
						CreatedOnToolsVersion = 8.1;
						DevelopmentTeam = N8N37QWHHP;
						LastSwiftMigration = 0810;
						ProvisioningStyle = Automatic;
					};
				};
			};
			buildConfigurationList = 3C1538321DC0834B00E647D5 /* Build configuration list for PBXProject "SwipeAndSnapCell" */;
			compatibilityVersion = "Xcode 3.2";
			developmentRegion = English;
			hasScannedForEncodings = 0;
			knownRegions = (
				en,
			);
			mainGroup = 3C15382E1DC0834B00E647D5;
			productRefGroup = 3C1538391DC0834B00E647D5 /* Products */;
			projectDirPath = "";
			projectRoot = "";
			targets = (
				3C1538371DC0834B00E647D5 /* SwipeAndSnapCell */,
			);
		};
/* End PBXProject section */

/* Begin PBXResourcesBuildPhase section */
		3C1538361DC0834B00E647D5 /* Resources */ = {
			isa = PBXResourcesBuildPhase;
			buildActionMask = 2147483647;
			files = (
			);
			runOnlyForDeploymentPostprocessing = 0;
		};
/* End PBXResourcesBuildPhase section */

/* Begin PBXSourcesBuildPhase section */
		3C1538331DC0834B00E647D5 /* Sources */ = {
			isa = PBXSourcesBuildPhase;
			buildActionMask = 2147483647;
			files = (
				3C1538451DC0838600E647D5 /* Extensions.swift in Sources */,
				3CB647191DC08E3D00014B7B /* SwipeAndSnapCell.swift in Sources */,
			);
			runOnlyForDeploymentPostprocessing = 0;
		};
/* End PBXSourcesBuildPhase section */

/* Begin XCBuildConfiguration section */
		3C15383E1DC0834B00E647D5 /* Debug */ = {
			isa = XCBuildConfiguration;
			buildSettings = {
				ALWAYS_SEARCH_USER_PATHS = NO;
				CLANG_ANALYZER_NONNULL = YES;
				CLANG_CXX_LANGUAGE_STANDARD = "gnu++0x";
				CLANG_CXX_LIBRARY = "libc++";
				CLANG_ENABLE_MODULES = YES;
				CLANG_ENABLE_OBJC_ARC = YES;
				CLANG_WARN_BOOL_CONVERSION = YES;
				CLANG_WARN_CONSTANT_CONVERSION = YES;
				CLANG_WARN_DIRECT_OBJC_ISA_USAGE = YES_ERROR;
				CLANG_WARN_DOCUMENTATION_COMMENTS = YES;
				CLANG_WARN_EMPTY_BODY = YES;
				CLANG_WARN_ENUM_CONVERSION = YES;
				CLANG_WARN_INFINITE_RECURSION = YES;
				CLANG_WARN_INT_CONVERSION = YES;
				CLANG_WARN_OBJC_ROOT_CLASS = YES_ERROR;
				CLANG_WARN_SUSPICIOUS_MOVES = YES;
				CLANG_WARN_UNREACHABLE_CODE = YES;
				CLANG_WARN__DUPLICATE_METHOD_MATCH = YES;
				"CODE_SIGN_IDENTITY[sdk=iphoneos*]" = "iPhone Developer";
				COPY_PHASE_STRIP = NO;
				CURRENT_PROJECT_VERSION = 1;
				DEBUG_INFORMATION_FORMAT = dwarf;
				ENABLE_STRICT_OBJC_MSGSEND = YES;
				ENABLE_TESTABILITY = YES;
				GCC_C_LANGUAGE_STANDARD = gnu99;
				GCC_DYNAMIC_NO_PIC = NO;
				GCC_NO_COMMON_BLOCKS = YES;
				GCC_OPTIMIZATION_LEVEL = 0;
				GCC_PREPROCESSOR_DEFINITIONS = (
					"DEBUG=1",
					"$(inherited)",
				);
				GCC_WARN_64_TO_32_BIT_CONVERSION = YES;
				GCC_WARN_ABOUT_RETURN_TYPE = YES_ERROR;
				GCC_WARN_UNDECLARED_SELECTOR = YES;
				GCC_WARN_UNINITIALIZED_AUTOS = YES_AGGRESSIVE;
				GCC_WARN_UNUSED_FUNCTION = YES;
				GCC_WARN_UNUSED_VARIABLE = YES;
				IPHONEOS_DEPLOYMENT_TARGET = 10.1;
				MTL_ENABLE_DEBUG_INFO = YES;
				ONLY_ACTIVE_ARCH = YES;
				SDKROOT = iphoneos;
				SWIFT_ACTIVE_COMPILATION_CONDITIONS = DEBUG;
				SWIFT_OPTIMIZATION_LEVEL = "-Onone";
				TARGETED_DEVICE_FAMILY = "1,2";
				VERSIONING_SYSTEM = "apple-generic";
				VERSION_INFO_PREFIX = "";
			};
			name = Debug;
		};
		3C15383F1DC0834B00E647D5 /* Release */ = {
			isa = XCBuildConfiguration;
			buildSettings = {
				ALWAYS_SEARCH_USER_PATHS = NO;
				CLANG_ANALYZER_NONNULL = YES;
				CLANG_CXX_LANGUAGE_STANDARD = "gnu++0x";
				CLANG_CXX_LIBRARY = "libc++";
				CLANG_ENABLE_MODULES = YES;
				CLANG_ENABLE_OBJC_ARC = YES;
				CLANG_WARN_BOOL_CONVERSION = YES;
				CLANG_WARN_CONSTANT_CONVERSION = YES;
				CLANG_WARN_DIRECT_OBJC_ISA_USAGE = YES_ERROR;
				CLANG_WARN_DOCUMENTATION_COMMENTS = YES;
				CLANG_WARN_EMPTY_BODY = YES;
				CLANG_WARN_ENUM_CONVERSION = YES;
				CLANG_WARN_INFINITE_RECURSION = YES;
				CLANG_WARN_INT_CONVERSION = YES;
				CLANG_WARN_OBJC_ROOT_CLASS = YES_ERROR;
				CLANG_WARN_SUSPICIOUS_MOVES = YES;
				CLANG_WARN_UNREACHABLE_CODE = YES;
				CLANG_WARN__DUPLICATE_METHOD_MATCH = YES;
				"CODE_SIGN_IDENTITY[sdk=iphoneos*]" = "iPhone Developer";
				COPY_PHASE_STRIP = NO;
				CURRENT_PROJECT_VERSION = 1;
				DEBUG_INFORMATION_FORMAT = "dwarf-with-dsym";
				ENABLE_NS_ASSERTIONS = NO;
				ENABLE_STRICT_OBJC_MSGSEND = YES;
				GCC_C_LANGUAGE_STANDARD = gnu99;
				GCC_NO_COMMON_BLOCKS = YES;
				GCC_WARN_64_TO_32_BIT_CONVERSION = YES;
				GCC_WARN_ABOUT_RETURN_TYPE = YES_ERROR;
				GCC_WARN_UNDECLARED_SELECTOR = YES;
				GCC_WARN_UNINITIALIZED_AUTOS = YES_AGGRESSIVE;
				GCC_WARN_UNUSED_FUNCTION = YES;
				GCC_WARN_UNUSED_VARIABLE = YES;
				IPHONEOS_DEPLOYMENT_TARGET = 10.1;
				MTL_ENABLE_DEBUG_INFO = NO;
				SDKROOT = iphoneos;
				SWIFT_OPTIMIZATION_LEVEL = "-Owholemodule";
				TARGETED_DEVICE_FAMILY = "1,2";
				VALIDATE_PRODUCT = YES;
				VERSIONING_SYSTEM = "apple-generic";
				VERSION_INFO_PREFIX = "";
			};
			name = Release;
		};
		3C1538411DC0834B00E647D5 /* Debug */ = {
			isa = XCBuildConfiguration;
			buildSettings = {
				CLANG_ENABLE_MODULES = YES;
				CODE_SIGN_IDENTITY = "";
				DEFINES_MODULE = YES;
				DEVELOPMENT_TEAM = N8N37QWHHP;
				DYLIB_COMPATIBILITY_VERSION = 1;
				DYLIB_CURRENT_VERSION = 1;
				DYLIB_INSTALL_NAME_BASE = "@rpath";
				INFOPLIST_FILE = SwipeAndSnapCell/Info.plist;
				INSTALL_PATH = "$(LOCAL_LIBRARY_DIR)/Frameworks";
				IPHONEOS_DEPLOYMENT_TARGET = 10.0;
				LD_RUNPATH_SEARCH_PATHS = "$(inherited) @executable_path/Frameworks @loader_path/Frameworks";
				PRODUCT_BUNDLE_IDENTIFIER = com.iandundas.SwipeAndSnapCell;
				PRODUCT_NAME = "$(TARGET_NAME)";
				SKIP_INSTALL = YES;
				SWIFT_OPTIMIZATION_LEVEL = "-Onone";
				SWIFT_VERSION = 3.0;
			};
			name = Debug;
		};
		3C1538421DC0834B00E647D5 /* Release */ = {
			isa = XCBuildConfiguration;
			buildSettings = {
				CLANG_ENABLE_MODULES = YES;
				CODE_SIGN_IDENTITY = "";
				DEFINES_MODULE = YES;
				DEVELOPMENT_TEAM = N8N37QWHHP;
				DYLIB_COMPATIBILITY_VERSION = 1;
				DYLIB_CURRENT_VERSION = 1;
				DYLIB_INSTALL_NAME_BASE = "@rpath";
				INFOPLIST_FILE = SwipeAndSnapCell/Info.plist;
				INSTALL_PATH = "$(LOCAL_LIBRARY_DIR)/Frameworks";
				IPHONEOS_DEPLOYMENT_TARGET = 10.0;
				LD_RUNPATH_SEARCH_PATHS = "$(inherited) @executable_path/Frameworks @loader_path/Frameworks";
				PRODUCT_BUNDLE_IDENTIFIER = com.iandundas.SwipeAndSnapCell;
				PRODUCT_NAME = "$(TARGET_NAME)";
				SKIP_INSTALL = YES;
				SWIFT_VERSION = 3.0;
			};
			name = Release;
		};
/* End XCBuildConfiguration section */

/* Begin XCConfigurationList section */
		3C1538321DC0834B00E647D5 /* Build configuration list for PBXProject "SwipeAndSnapCell" */ = {
			isa = XCConfigurationList;
			buildConfigurations = (
				3C15383E1DC0834B00E647D5 /* Debug */,
				3C15383F1DC0834B00E647D5 /* Release */,
			);
			defaultConfigurationIsVisible = 0;
			defaultConfigurationName = Release;
		};
		3C1538401DC0834B00E647D5 /* Build configuration list for PBXNativeTarget "SwipeAndSnapCell" */ = {
			isa = XCConfigurationList;
			buildConfigurations = (
				3C1538411DC0834B00E647D5 /* Debug */,
				3C1538421DC0834B00E647D5 /* Release */,
			);
			defaultConfigurationIsVisible = 0;
			defaultConfigurationName = Release;
		};
/* End XCConfigurationList section */
	};
	rootObject = 3C15382F1DC0834B00E647D5 /* Project object */;
}
